
Microsoft Visual Studio Solution File, Format Version 12.00
# Visual Studio Version 16
VisualStudioVersion = 16.0.31112.23
MinimumVisualStudioVersion = 10.0.40219.1
Project("{FAE04EC0-301F-11D3-BF4B-00C04F79EFBC}") = "CNFSolver", "CNFSolver\CNFSolver.csproj", "{C7667584-175B-4365-937D-3231BB5DE96D}"
EndProject
Project("{2150E333-8FDC-42A3-9474-1A3956D46DE8}") = "Solution Items", "Solution Items", "{38BB6E68-41DC-4177-A32E-05286D92B9C9}"
	ProjectSection(SolutionItems) = preProject
		CNFSolver\example.cnf = CNFSolver\example.cnf
	EndProjectSection
EndProject
Global
	GlobalSection(SolutionConfigurationPlatforms) = preSolution
		Debug|Any CPU = Debug|Any CPU
		Release|Any CPU = Release|Any CPU
	EndGlobalSection
	GlobalSection(ProjectConfigurationPlatforms) = postSolution
		{C7667584-175B-4365-937D-3231BB5DE96D}.Debug|Any CPU.ActiveCfg = Debug|Any CPU
		{C7667584-175B-4365-937D-3231BB5DE96D}.Debug|Any CPU.Build.0 = Debug|Any CPU
		{C7667584-175B-4365-937D-3231BB5DE96D}.Release|Any CPU.ActiveCfg = Release|Any CPU
		{C7667584-175B-4365-937D-3231BB5DE96D}.Release|Any CPU.Build.0 = Release|Any CPU
	EndGlobalSection
	GlobalSection(SolutionProperties) = preSolution
		HideSolutionNode = FALSE
	EndGlobalSection
	GlobalSection(ExtensibilityGlobals) = postSolution
		SolutionGuid = {AFF6CB24-2740-4067-B1D8-44EB47371B20}
	EndGlobalSection
EndGlobal
