
Microsoft Visual Studio Solution File, Format Version 12.00
# Visual Studio Version 16
VisualStudioVersion = 16.0.31112.23
MinimumVisualStudioVersion = 10.0.40219.1
Project("{FAE04EC0-301F-11D3-BF4B-00C04F79EFBC}") = "Exercise2_Sudoku", "Exercise2_Sudoku\Exercise2_Sudoku.csproj", "{F07BF5F2-E38E-4A3F-A94B-D9DC674FA700}"
EndProject
Global
	GlobalSection(SolutionConfigurationPlatforms) = preSolution
		Debug|Any CPU = Debug|Any CPU
		Release|Any CPU = Release|Any CPU
	EndGlobalSection
	GlobalSection(ProjectConfigurationPlatforms) = postSolution
		{F07BF5F2-E38E-4A3F-A94B-D9DC674FA700}.Debug|Any CPU.ActiveCfg = Debug|Any CPU
		{F07BF5F2-E38E-4A3F-A94B-D9DC674FA700}.Debug|Any CPU.Build.0 = Debug|Any CPU
		{F07BF5F2-E38E-4A3F-A94B-D9DC674FA700}.Release|Any CPU.ActiveCfg = Release|Any CPU
		{F07BF5F2-E38E-4A3F-A94B-D9DC674FA700}.Release|Any CPU.Build.0 = Release|Any CPU
	EndGlobalSection
	GlobalSection(SolutionProperties) = preSolution
		HideSolutionNode = FALSE
	EndGlobalSection
	GlobalSection(ExtensibilityGlobals) = postSolution
		SolutionGuid = {C0F3460C-4968-48BA-8394-6BA2E31C31B9}
	EndGlobalSection
EndGlobal
